// !$*UTF8*$!
{
	archiveVersion = 1;
	classes = {
	};
	objectVersion = 46;
	objects = {

/* Begin PBXBuildFile section */
		CD5375741CF8010E003B225D /* Activity.swift in Sources */ = {isa = PBXBuildFile; fileRef = CD5375651CF8010E003B225D /* Activity.swift */; };
		CD5375751CF8010E003B225D /* ActivityTime.swift in Sources */ = {isa = PBXBuildFile; fileRef = CD5375671CF8010E003B225D /* ActivityTime.swift */; };
		CD5375761CF8010E003B225D /* TimeOfDay.swift in Sources */ = {isa = PBXBuildFile; fileRef = CD5375681CF8010E003B225D /* TimeOfDay.swift */; };
		CD53757C1CF8010E003B225D /* ActivityPlannerTVC.swift in Sources */ = {isa = PBXBuildFile; fileRef = CD5375711CF8010E003B225D /* ActivityPlannerTVC.swift */; };
		CD53757D1CF8010E003B225D /* ActivityPlannerVC.swift in Sources */ = {isa = PBXBuildFile; fileRef = CD5375721CF8010E003B225D /* ActivityPlannerVC.swift */; };
		CD5375811CF8013A003B225D /* ActivityTimeTVC.swift in Sources */ = {isa = PBXBuildFile; fileRef = CD5375801CF8013A003B225D /* ActivityTimeTVC.swift */; };
		CD53758A1CF803D4003B225D /* FrequencyPickerCell.swift in Sources */ = {isa = PBXBuildFile; fileRef = CD5375831CF803D4003B225D /* FrequencyPickerCell.swift */; };
		CD53758B1CF803D4003B225D /* FrequencyPicker.swift in Sources */ = {isa = PBXBuildFile; fileRef = CD5375851CF803D4003B225D /* FrequencyPicker.swift */; };
		CD53758C1CF803D4003B225D /* FrequencyPicker.xib in Resources */ = {isa = PBXBuildFile; fileRef = CD5375861CF803D4003B225D /* FrequencyPicker.xib */; };
		CD53758D1CF803D4003B225D /* ActivitySelectorView.swift in Sources */ = {isa = PBXBuildFile; fileRef = CD5375881CF803D4003B225D /* ActivitySelectorView.swift */; };
		CD53758E1CF803D4003B225D /* ActivitySelectorView.xib in Resources */ = {isa = PBXBuildFile; fileRef = CD5375891CF803D4003B225D /* ActivitySelectorView.xib */; };
		CD5375901CF80E35003B225D /* WeekActivitySelector.xib in Resources */ = {isa = PBXBuildFile; fileRef = CD53758F1CF80E35003B225D /* WeekActivitySelector.xib */; };
		CD5375921CF80EE1003B225D /* WeekActivitySelectorView.swift in Sources */ = {isa = PBXBuildFile; fileRef = CD5375911CF80EE1003B225D /* WeekActivitySelectorView.swift */; };
		CD5375B21CF86641003B225D /* MainVCViewController.swift in Sources */ = {isa = PBXBuildFile; fileRef = CD5375B11CF86641003B225D /* MainVCViewController.swift */; };
		CDACFC991CEEC59B0004C4FE /* AppDelegate.swift in Sources */ = {isa = PBXBuildFile; fileRef = CDACFC981CEEC59B0004C4FE /* AppDelegate.swift */; };
		CDACFC9E1CEEC59B0004C4FE /* Main.storyboard in Resources */ = {isa = PBXBuildFile; fileRef = CDACFC9C1CEEC59B0004C4FE /* Main.storyboard */; };
		CDACFCA01CEEC59B0004C4FE /* Assets.xcassets in Resources */ = {isa = PBXBuildFile; fileRef = CDACFC9F1CEEC59B0004C4FE /* Assets.xcassets */; };
		CDACFCA31CEEC59B0004C4FE /* LaunchScreen.storyboard in Resources */ = {isa = PBXBuildFile; fileRef = CDACFCA11CEEC59B0004C4FE /* LaunchScreen.storyboard */; };
/* End PBXBuildFile section */

/* Begin PBXFileReference section */
		CD5375651CF8010E003B225D /* Activity.swift */ = {isa = PBXFileReference; fileEncoding = 4; lastKnownFileType = sourcecode.swift; path = Activity.swift; sourceTree = "<group>"; };
		CD5375671CF8010E003B225D /* ActivityTime.swift */ = {isa = PBXFileReference; fileEncoding = 4; lastKnownFileType = sourcecode.swift; path = ActivityTime.swift; sourceTree = "<group>"; };
		CD5375681CF8010E003B225D /* TimeOfDay.swift */ = {isa = PBXFileReference; fileEncoding = 4; lastKnownFileType = sourcecode.swift; path = TimeOfDay.swift; sourceTree = "<group>"; };
		CD5375711CF8010E003B225D /* ActivityPlannerTVC.swift */ = {isa = PBXFileReference; fileEncoding = 4; lastKnownFileType = sourcecode.swift; path = ActivityPlannerTVC.swift; sourceTree = "<group>"; };
		CD5375721CF8010E003B225D /* ActivityPlannerVC.swift */ = {isa = PBXFileReference; fileEncoding = 4; lastKnownFileType = sourcecode.swift; path = ActivityPlannerVC.swift; sourceTree = "<group>"; };
		CD5375801CF8013A003B225D /* ActivityTimeTVC.swift */ = {isa = PBXFileReference; fileEncoding = 4; lastKnownFileType = sourcecode.swift; path = ActivityTimeTVC.swift; sourceTree = "<group>"; };
		CD5375831CF803D4003B225D /* FrequencyPickerCell.swift */ = {isa = PBXFileReference; fileEncoding = 4; lastKnownFileType = sourcecode.swift; path = FrequencyPickerCell.swift; sourceTree = "<group>"; };
		CD5375851CF803D4003B225D /* FrequencyPicker.swift */ = {isa = PBXFileReference; fileEncoding = 4; lastKnownFileType = sourcecode.swift; path = FrequencyPicker.swift; sourceTree = "<group>"; };
		CD5375861CF803D4003B225D /* FrequencyPicker.xib */ = {isa = PBXFileReference; fileEncoding = 4; lastKnownFileType = file.xib; path = FrequencyPicker.xib; sourceTree = "<group>"; };
		CD5375881CF803D4003B225D /* ActivitySelectorView.swift */ = {isa = PBXFileReference; fileEncoding = 4; lastKnownFileType = sourcecode.swift; path = ActivitySelectorView.swift; sourceTree = "<group>"; };
		CD5375891CF803D4003B225D /* ActivitySelectorView.xib */ = {isa = PBXFileReference; fileEncoding = 4; lastKnownFileType = file.xib; path = ActivitySelectorView.xib; sourceTree = "<group>"; };
		CD53758F1CF80E35003B225D /* WeekActivitySelector.xib */ = {isa = PBXFileReference; fileEncoding = 4; lastKnownFileType = file.xib; path = WeekActivitySelector.xib; sourceTree = "<group>"; };
		CD5375911CF80EE1003B225D /* WeekActivitySelectorView.swift */ = {isa = PBXFileReference; fileEncoding = 4; lastKnownFileType = sourcecode.swift; path = WeekActivitySelectorView.swift; sourceTree = "<group>"; };
		CD5375B11CF86641003B225D /* MainVCViewController.swift */ = {isa = PBXFileReference; fileEncoding = 4; lastKnownFileType = sourcecode.swift; path = MainVCViewController.swift; sourceTree = "<group>"; };
		CDACFC951CEEC59B0004C4FE /* MedicinePlanner.app */ = {isa = PBXFileReference; explicitFileType = wrapper.application; includeInIndex = 0; path = MedicinePlanner.app; sourceTree = BUILT_PRODUCTS_DIR; };
		CDACFC981CEEC59B0004C4FE /* AppDelegate.swift */ = {isa = PBXFileReference; lastKnownFileType = sourcecode.swift; path = AppDelegate.swift; sourceTree = "<group>"; };
		CDACFC9D1CEEC59B0004C4FE /* Base */ = {isa = PBXFileReference; lastKnownFileType = file.storyboard; name = Base; path = Base.lproj/Main.storyboard; sourceTree = "<group>"; };
		CDACFC9F1CEEC59B0004C4FE /* Assets.xcassets */ = {isa = PBXFileReference; lastKnownFileType = folder.assetcatalog; path = Assets.xcassets; sourceTree = "<group>"; };
		CDACFCA21CEEC59B0004C4FE /* Base */ = {isa = PBXFileReference; lastKnownFileType = file.storyboard; name = Base; path = Base.lproj/LaunchScreen.storyboard; sourceTree = "<group>"; };
		CDACFCA41CEEC59B0004C4FE /* Info.plist */ = {isa = PBXFileReference; lastKnownFileType = text.plist.xml; path = Info.plist; sourceTree = "<group>"; };
/* End PBXFileReference section */

/* Begin PBXFrameworksBuildPhase section */
		CDACFC921CEEC59B0004C4FE /* Frameworks */ = {
			isa = PBXFrameworksBuildPhase;
			buildActionMask = 2147483647;
			files = (
			);
			runOnlyForDeploymentPostprocessing = 0;
		};
/* End PBXFrameworksBuildPhase section */

/* Begin PBXGroup section */
		CD5375641CF8010E003B225D /* Model */ = {
			isa = PBXGroup;
			children = (
				CD5375651CF8010E003B225D /* Activity.swift */,
			);
			path = Model;
			sourceTree = "<group>";
		};
		CD5375661CF8010E003B225D /* Utilities */ = {
			isa = PBXGroup;
			children = (
				CD5375671CF8010E003B225D /* ActivityTime.swift */,
				CD5375681CF8010E003B225D /* TimeOfDay.swift */,
			);
			path = Utilities;
			sourceTree = "<group>";
		};
		CD5375691CF8010E003B225D /* Views */ = {
			isa = PBXGroup;
			children = (
				CD5375821CF803D4003B225D /* FrequencyPicker */,
				CD5375871CF803D4003B225D /* ActivitySelector */,
			);
			path = Views;
			sourceTree = "<group>";
		};
		CD53756F1CF8010E003B225D /* Controllers */ = {
			isa = PBXGroup;
			children = (
				CD53757F1CF8013A003B225D /* ActivityTimeSelector */,
				CD5375701CF8010E003B225D /* ActivityPlanner */,
				CD5375B11CF86641003B225D /* MainVCViewController.swift */,
			);
			path = Controllers;
			sourceTree = "<group>";
		};
		CD5375701CF8010E003B225D /* ActivityPlanner */ = {
			isa = PBXGroup;
			children = (
				CD5375711CF8010E003B225D /* ActivityPlannerTVC.swift */,
				CD5375721CF8010E003B225D /* ActivityPlannerVC.swift */,
			);
			path = ActivityPlanner;
			sourceTree = "<group>";
		};
		CD53757F1CF8013A003B225D /* ActivityTimeSelector */ = {
			isa = PBXGroup;
			children = (
				CD5375801CF8013A003B225D /* ActivityTimeTVC.swift */,
			);
			path = ActivityTimeSelector;
			sourceTree = "<group>";
		};
		CD5375821CF803D4003B225D /* FrequencyPicker */ = {
			isa = PBXGroup;
			children = (
				CD5375831CF803D4003B225D /* FrequencyPickerCell.swift */,
				CD5375841CF803D4003B225D /* FrequencyPickerView */,
			);
			path = FrequencyPicker;
			sourceTree = "<group>";
		};
		CD5375841CF803D4003B225D /* FrequencyPickerView */ = {
			isa = PBXGroup;
			children = (
				CD5375851CF803D4003B225D /* FrequencyPicker.swift */,
				CD5375861CF803D4003B225D /* FrequencyPicker.xib */,
			);
			path = FrequencyPickerView;
			sourceTree = "<group>";
		};
		CD5375871CF803D4003B225D /* ActivitySelector */ = {
			isa = PBXGroup;
			children = (
				CD5375881CF803D4003B225D /* ActivitySelectorView.swift */,
				CD5375891CF803D4003B225D /* ActivitySelectorView.xib */,
				CD53758F1CF80E35003B225D /* WeekActivitySelector.xib */,
				CD5375911CF80EE1003B225D /* WeekActivitySelectorView.swift */,
			);
			path = ActivitySelector;
			sourceTree = "<group>";
		};
		CDACFC8C1CEEC59B0004C4FE = {
			isa = PBXGroup;
			children = (
				CDACFC971CEEC59B0004C4FE /* MedicinePlanner */,
				CDACFC961CEEC59B0004C4FE /* Products */,
			);
			sourceTree = "<group>";
		};
		CDACFC961CEEC59B0004C4FE /* Products */ = {
			isa = PBXGroup;
			children = (
				CDACFC951CEEC59B0004C4FE /* MedicinePlanner.app */,
			);
			name = Products;
			sourceTree = "<group>";
		};
		CDACFC971CEEC59B0004C4FE /* MedicinePlanner */ = {
			isa = PBXGroup;
			children = (
				CD53756F1CF8010E003B225D /* Controllers */,
				CD5375641CF8010E003B225D /* Model */,
				CD5375691CF8010E003B225D /* Views */,
				CD5375661CF8010E003B225D /* Utilities */,
				CDACFC981CEEC59B0004C4FE /* AppDelegate.swift */,
				CDACFC9C1CEEC59B0004C4FE /* Main.storyboard */,
				CDACFC9F1CEEC59B0004C4FE /* Assets.xcassets */,
				CDACFCA11CEEC59B0004C4FE /* LaunchScreen.storyboard */,
				CDACFCA41CEEC59B0004C4FE /* Info.plist */,
			);
			path = MedicinePlanner;
			sourceTree = "<group>";
		};
/* End PBXGroup section */

/* Begin PBXNativeTarget section */
		CDACFC941CEEC59B0004C4FE /* MedicinePlanner */ = {
			isa = PBXNativeTarget;
			buildConfigurationList = CDACFCA71CEEC59B0004C4FE /* Build configuration list for PBXNativeTarget "MedicinePlanner" */;
			buildPhases = (
				CDACFC911CEEC59B0004C4FE /* Sources */,
				CDACFC921CEEC59B0004C4FE /* Frameworks */,
				CDACFC931CEEC59B0004C4FE /* Resources */,
				CD5375631CF7FDFB003B225D /* SwiftLint */,
			);
			buildRules = (
			);
			dependencies = (
			);
			name = MedicinePlanner;
			productName = MedicinePlanner;
			productReference = CDACFC951CEEC59B0004C4FE /* MedicinePlanner.app */;
			productType = "com.apple.product-type.application";
		};
/* End PBXNativeTarget section */

/* Begin PBXProject section */
		CDACFC8D1CEEC59B0004C4FE /* Project object */ = {
			isa = PBXProject;
			attributes = {
				LastSwiftUpdateCheck = 0730;
				LastUpgradeCheck = 0730;
				ORGANIZATIONNAME = "Saugat Gautam";
				TargetAttributes = {
					CDACFC941CEEC59B0004C4FE = {
						CreatedOnToolsVersion = 7.3;
						DevelopmentTeam = N7DN9W93BF;
					};
				};
			};
			buildConfigurationList = CDACFC901CEEC59B0004C4FE /* Build configuration list for PBXProject "MedicinePlanner" */;
			compatibilityVersion = "Xcode 3.2";
			developmentRegion = English;
			hasScannedForEncodings = 0;
			knownRegions = (
				en,
				Base,
			);
			mainGroup = CDACFC8C1CEEC59B0004C4FE;
			productRefGroup = CDACFC961CEEC59B0004C4FE /* Products */;
			projectDirPath = "";
			projectRoot = "";
			targets = (
				CDACFC941CEEC59B0004C4FE /* MedicinePlanner */,
			);
		};
/* End PBXProject section */

/* Begin PBXResourcesBuildPhase section */
		CDACFC931CEEC59B0004C4FE /* Resources */ = {
			isa = PBXResourcesBuildPhase;
			buildActionMask = 2147483647;
			files = (
				CD53758C1CF803D4003B225D /* FrequencyPicker.xib in Resources */,
				CD5375901CF80E35003B225D /* WeekActivitySelector.xib in Resources */,
				CDACFCA31CEEC59B0004C4FE /* LaunchScreen.storyboard in Resources */,
				CDACFCA01CEEC59B0004C4FE /* Assets.xcassets in Resources */,
				CDACFC9E1CEEC59B0004C4FE /* Main.storyboard in Resources */,
				CD53758E1CF803D4003B225D /* ActivitySelectorView.xib in Resources */,
			);
			runOnlyForDeploymentPostprocessing = 0;
		};
/* End PBXResourcesBuildPhase section */

/* Begin PBXShellScriptBuildPhase section */
		CD5375631CF7FDFB003B225D /* SwiftLint */ = {
			isa = PBXShellScriptBuildPhase;
			buildActionMask = 2147483647;
			files = (
			);
			inputPaths = (
			);
			name = SwiftLint;
			outputPaths = (
			);
			runOnlyForDeploymentPostprocessing = 0;
			shellPath = /bin/sh;
			shellScript = "exit\nif which swiftlint >/dev/null; then\nswiftlint\nelse\necho \"warning: SwiftLint not installed, download from https://github.com/realm/SwiftLint\"\nfi";
		};
/* End PBXShellScriptBuildPhase section */

/* Begin PBXSourcesBuildPhase section */
		CDACFC911CEEC59B0004C4FE /* Sources */ = {
			isa = PBXSourcesBuildPhase;
			buildActionMask = 2147483647;
			files = (
				CD5375761CF8010E003B225D /* TimeOfDay.swift in Sources */,
				CD5375741CF8010E003B225D /* Activity.swift in Sources */,
				CD53757D1CF8010E003B225D /* ActivityPlannerVC.swift in Sources */,
				CDACFC991CEEC59B0004C4FE /* AppDelegate.swift in Sources */,
				CD53758B1CF803D4003B225D /* FrequencyPicker.swift in Sources */,
				CD53758A1CF803D4003B225D /* FrequencyPickerCell.swift in Sources */,
				CD5375921CF80EE1003B225D /* WeekActivitySelectorView.swift in Sources */,
				CD53758D1CF803D4003B225D /* ActivitySelectorView.swift in Sources */,
				CD5375811CF8013A003B225D /* ActivityTimeTVC.swift in Sources */,
				CD53757C1CF8010E003B225D /* ActivityPlannerTVC.swift in Sources */,
				CD5375B21CF86641003B225D /* MainVCViewController.swift in Sources */,
				CD5375751CF8010E003B225D /* ActivityTime.swift in Sources */,
			);
			runOnlyForDeploymentPostprocessing = 0;
		};
/* End PBXSourcesBuildPhase section */

/* Begin PBXVariantGroup section */
		CDACFC9C1CEEC59B0004C4FE /* Main.storyboard */ = {
			isa = PBXVariantGroup;
			children = (
				CDACFC9D1CEEC59B0004C4FE /* Base */,
			);
			name = Main.storyboard;
			sourceTree = "<group>";
		};
		CDACFCA11CEEC59B0004C4FE /* LaunchScreen.storyboard */ = {
			isa = PBXVariantGroup;
			children = (
				CDACFCA21CEEC59B0004C4FE /* Base */,
			);
			name = LaunchScreen.storyboard;
			sourceTree = "<group>";
		};
/* End PBXVariantGroup section */

/* Begin XCBuildConfiguration section */
		CDACFCA51CEEC59B0004C4FE /* Debug */ = {
			isa = XCBuildConfiguration;
			buildSettings = {
				ALWAYS_SEARCH_USER_PATHS = NO;
				CLANG_ANALYZER_NONNULL = YES;
				CLANG_CXX_LANGUAGE_STANDARD = "gnu++0x";
				CLANG_CXX_LIBRARY = "libc++";
				CLANG_ENABLE_MODULES = YES;
				CLANG_ENABLE_OBJC_ARC = YES;
				CLANG_WARN_BOOL_CONVERSION = YES;
				CLANG_WARN_CONSTANT_CONVERSION = YES;
				CLANG_WARN_DIRECT_OBJC_ISA_USAGE = YES_ERROR;
				CLANG_WARN_EMPTY_BODY = YES;
				CLANG_WARN_ENUM_CONVERSION = YES;
				CLANG_WARN_INT_CONVERSION = YES;
				CLANG_WARN_OBJC_ROOT_CLASS = YES_ERROR;
				CLANG_WARN_UNREACHABLE_CODE = YES;
				CLANG_WARN__DUPLICATE_METHOD_MATCH = YES;
				"CODE_SIGN_IDENTITY[sdk=iphoneos*]" = "iPhone Developer";
				COPY_PHASE_STRIP = NO;
				DEBUG_INFORMATION_FORMAT = dwarf;
				ENABLE_STRICT_OBJC_MSGSEND = YES;
				ENABLE_TESTABILITY = YES;
				GCC_C_LANGUAGE_STANDARD = gnu99;
				GCC_DYNAMIC_NO_PIC = NO;
				GCC_NO_COMMON_BLOCKS = YES;
				GCC_OPTIMIZATION_LEVEL = 0;
				GCC_PREPROCESSOR_DEFINITIONS = (
					"DEBUG=1",
					"$(inherited)",
				);
				GCC_WARN_64_TO_32_BIT_CONVERSION = YES;
				GCC_WARN_ABOUT_RETURN_TYPE = YES_ERROR;
				GCC_WARN_UNDECLARED_SELECTOR = YES;
				GCC_WARN_UNINITIALIZED_AUTOS = YES_AGGRESSIVE;
				GCC_WARN_UNUSED_FUNCTION = YES;
				GCC_WARN_UNUSED_VARIABLE = YES;
				IPHONEOS_DEPLOYMENT_TARGET = 9.3;
				MTL_ENABLE_DEBUG_INFO = YES;
				ONLY_ACTIVE_ARCH = YES;
				SDKROOT = iphoneos;
				SWIFT_OPTIMIZATION_LEVEL = "-Onone";
				TARGETED_DEVICE_FAMILY = "1,2";
			};
			name = Debug;
		};
		CDACFCA61CEEC59B0004C4FE /* Release */ = {
			isa = XCBuildConfiguration;
			buildSettings = {
				ALWAYS_SEARCH_USER_PATHS = NO;
				CLANG_ANALYZER_NONNULL = YES;
				CLANG_CXX_LANGUAGE_STANDARD = "gnu++0x";
				CLANG_CXX_LIBRARY = "libc++";
				CLANG_ENABLE_MODULES = YES;
				CLANG_ENABLE_OBJC_ARC = YES;
				CLANG_WARN_BOOL_CONVERSION = YES;
				CLANG_WARN_CONSTANT_CONVERSION = YES;
				CLANG_WARN_DIRECT_OBJC_ISA_USAGE = YES_ERROR;
				CLANG_WARN_EMPTY_BODY = YES;
				CLANG_WARN_ENUM_CONVERSION = YES;
				CLANG_WARN_INT_CONVERSION = YES;
				CLANG_WARN_OBJC_ROOT_CLASS = YES_ERROR;
				CLANG_WARN_UNREACHABLE_CODE = YES;
				CLANG_WARN__DUPLICATE_METHOD_MATCH = YES;
				"CODE_SIGN_IDENTITY[sdk=iphoneos*]" = "iPhone Developer";
				COPY_PHASE_STRIP = NO;
				DEBUG_INFORMATION_FORMAT = "dwarf-with-dsym";
				ENABLE_NS_ASSERTIONS = NO;
				ENABLE_STRICT_OBJC_MSGSEND = YES;
				GCC_C_LANGUAGE_STANDARD = gnu99;
				GCC_NO_COMMON_BLOCKS = YES;
				GCC_WARN_64_TO_32_BIT_CONVERSION = YES;
				GCC_WARN_ABOUT_RETURN_TYPE = YES_ERROR;
				GCC_WARN_UNDECLARED_SELECTOR = YES;
				GCC_WARN_UNINITIALIZED_AUTOS = YES_AGGRESSIVE;
				GCC_WARN_UNUSED_FUNCTION = YES;
				GCC_WARN_UNUSED_VARIABLE = YES;
				IPHONEOS_DEPLOYMENT_TARGET = 9.3;
				MTL_ENABLE_DEBUG_INFO = NO;
				SDKROOT = iphoneos;
				TARGETED_DEVICE_FAMILY = "1,2";
				VALIDATE_PRODUCT = YES;
			};
			name = Release;
		};
		CDACFCA81CEEC59B0004C4FE /* Debug */ = {
			isa = XCBuildConfiguration;
			buildSettings = {
				ASSETCATALOG_COMPILER_APPICON_NAME = AppIcon;
				CODE_SIGN_IDENTITY = "iPhone Developer";
				INFOPLIST_FILE = MedicinePlanner/Info.plist;
				IPHONEOS_DEPLOYMENT_TARGET = 9.0;
				LD_RUNPATH_SEARCH_PATHS = "$(inherited) @executable_path/Frameworks";
				ONLY_ACTIVE_ARCH = NO;
				PRODUCT_BUNDLE_IDENTIFIER = com.lftechnology.MedicinePlanner;
				PRODUCT_NAME = "$(TARGET_NAME)";
			};
			name = Debug;
		};
		CDACFCA91CEEC59B0004C4FE /* Release */ = {
			isa = XCBuildConfiguration;
			buildSettings = {
				ASSETCATALOG_COMPILER_APPICON_NAME = AppIcon;
				CODE_SIGN_IDENTITY = "iPhone Developer";
				INFOPLIST_FILE = MedicinePlanner/Info.plist;
				IPHONEOS_DEPLOYMENT_TARGET = 9.0;
				LD_RUNPATH_SEARCH_PATHS = "$(inherited) @executable_path/Frameworks";
				PRODUCT_BUNDLE_IDENTIFIER = com.lftechnology.MedicinePlanner;
				PRODUCT_NAME = "$(TARGET_NAME)";
			};
			name = Release;
		};
/* End XCBuildConfiguration section */

/* Begin XCConfigurationList section */
		CDACFC901CEEC59B0004C4FE /* Build configuration list for PBXProject "MedicinePlanner" */ = {
			isa = XCConfigurationList;
			buildConfigurations = (
				CDACFCA51CEEC59B0004C4FE /* Debug */,
				CDACFCA61CEEC59B0004C4FE /* Release */,
			);
			defaultConfigurationIsVisible = 0;
			defaultConfigurationName = Release;
		};
		CDACFCA71CEEC59B0004C4FE /* Build configuration list for PBXNativeTarget "MedicinePlanner" */ = {
			isa = XCConfigurationList;
			buildConfigurations = (
				CDACFCA81CEEC59B0004C4FE /* Debug */,
				CDACFCA91CEEC59B0004C4FE /* Release */,
			);
			defaultConfigurationIsVisible = 0;
			defaultConfigurationName = Release;
		};
/* End XCConfigurationList section */
	};
	rootObject = CDACFC8D1CEEC59B0004C4FE /* Project object */;
}
